
Microsoft Visual Studio Solution File, Format Version 12.00
# Visual Studio Version 17
VisualStudioVersion = 17.1.32210.238
MinimumVisualStudioVersion = 10.0.40219.1
Project("{9A19103F-16F7-4668-BE54-9A1E7A4F7556}") = "BlazorFullStackCrud.Server", "BlazorFullStackCrud\Server\BlazorFullStackCrud.Server.csproj", "{1BD35870-3724-40D6-9A96-DD0648F78309}"
EndProject
Project("{9A19103F-16F7-4668-BE54-9A1E7A4F7556}") = "BlazorFullStackCrud.Client", "BlazorFullStackCrud\Client\BlazorFullStackCrud.Client.csproj", "{37546579-4885-426E-8B82-FBB13A7A57E1}"
EndProject
Project("{9A19103F-16F7-4668-BE54-9A1E7A4F7556}") = "BlazorFullStackCrud.Shared", "BlazorFullStackCrud\Shared\BlazorFullStackCrud.Shared.csproj", "{47B3D1AB-F0DF-4B17-8C54-77285AE01AE5}"
EndProject
Global
	GlobalSection(SolutionConfigurationPlatforms) = preSolution
		Debug|Any CPU = Debug|Any CPU
		Release|Any CPU = Release|Any CPU
	EndGlobalSection
	GlobalSection(ProjectConfigurationPlatforms) = postSolution
		{1BD35870-3724-40D6-9A96-DD0648F78309}.Debug|Any CPU.ActiveCfg = Debug|Any CPU
		{1BD35870-3724-40D6-9A96-DD0648F78309}.Debug|Any CPU.Build.0 = Debug|Any CPU
		{1BD35870-3724-40D6-9A96-DD0648F78309}.Release|Any CPU.ActiveCfg = Release|Any CPU
		{1BD35870-3724-40D6-9A96-DD0648F78309}.Release|Any CPU.Build.0 = Release|Any CPU
		{37546579-4885-426E-8B82-FBB13A7A57E1}.Debug|Any CPU.ActiveCfg = Debug|Any CPU
		{37546579-4885-426E-8B82-FBB13A7A57E1}.Debug|Any CPU.Build.0 = Debug|Any CPU
		{37546579-4885-426E-8B82-FBB13A7A57E1}.Release|Any CPU.ActiveCfg = Release|Any CPU
		{37546579-4885-426E-8B82-FBB13A7A57E1}.Release|Any CPU.Build.0 = Release|Any CPU
		{47B3D1AB-F0DF-4B17-8C54-77285AE01AE5}.Debug|Any CPU.ActiveCfg = Debug|Any CPU
		{47B3D1AB-F0DF-4B17-8C54-77285AE01AE5}.Debug|Any CPU.Build.0 = Debug|Any CPU
		{47B3D1AB-F0DF-4B17-8C54-77285AE01AE5}.Release|Any CPU.ActiveCfg = Release|Any CPU
		{47B3D1AB-F0DF-4B17-8C54-77285AE01AE5}.Release|Any CPU.Build.0 = Release|Any CPU
	EndGlobalSection
	GlobalSection(SolutionProperties) = preSolution
		HideSolutionNode = FALSE
	EndGlobalSection
	GlobalSection(ExtensibilityGlobals) = postSolution
		SolutionGuid = {F33D0152-19E1-4D5A-9D90-118C532836DB}
	EndGlobalSection
EndGlobal
